
Microsoft Visual Studio Solution File, Format Version 12.00
# Visual Studio 15
VisualStudioVersion = 15.0.28010.2048
MinimumVisualStudioVersion = 10.0.40219.1
Project("{FAE04EC0-301F-11D3-BF4B-00C04F79EFBC}") = "AdministrationTool", "AdministrationTool\AdministrationTool.csproj", "{936311D8-2B84-4AF1-9F91-0D8A6F22892B}"
EndProject
Global
	GlobalSection(SolutionConfigurationPlatforms) = preSolution
		Debug|Any CPU = Debug|Any CPU
		Release|Any CPU = Release|Any CPU
	EndGlobalSection
	GlobalSection(ProjectConfigurationPlatforms) = postSolution
		{936311D8-2B84-4AF1-9F91-0D8A6F22892B}.Debug|Any CPU.ActiveCfg = Debug|Any CPU
		{936311D8-2B84-4AF1-9F91-0D8A6F22892B}.Debug|Any CPU.Build.0 = Debug|Any CPU
		{936311D8-2B84-4AF1-9F91-0D8A6F22892B}.Release|Any CPU.ActiveCfg = Release|Any CPU
		{936311D8-2B84-4AF1-9F91-0D8A6F22892B}.Release|Any CPU.Build.0 = Release|Any CPU
	EndGlobalSection
	GlobalSection(SolutionProperties) = preSolution
		HideSolutionNode = FALSE
	EndGlobalSection
	GlobalSection(ExtensibilityGlobals) = postSolution
		SolutionGuid = {94E4177F-C985-4F82-8CDF-4E99034B1C7A}
	EndGlobalSection
EndGlobal
